<?xml version="1.0" encoding="utf-8"?>
<Project ToolsVersion="4.0" xmlns="http://schemas.microsoft.com/developer/msbuild/2003">
  <ItemGroup>
    <Filter Include="Nigredo">
      <UniqueIdentifier>{4DE47374-B9C3-F20F-C2DB-7DE62E3A5971}</UniqueIdentifier>
    </Filter>
  </ItemGroup>
  <ItemGroup>
    <ClInclude Include="src\Nigredo.h" />
    <ClInclude Include="src\Nigredo\Application.h">
      <Filter>Nigredo</Filter>
    </ClInclude>
    <ClInclude Include="src\Nigredo\Core.h">
      <Filter>Nigredo</Filter>
    </ClInclude>
    <ClInclude Include="src\Nigredo\EntryPoint.h">
      <Filter>Nigredo</Filter>
    </ClInclude>
    <ClInclude Include="src\Nigredo\Log.h">
      <Filter>Nigredo</Filter>
    </ClInclude>
  </ItemGroup>
  <ItemGroup>
    <ClCompile Include="src\Nigredo\Application.cpp">
      <Filter>Nigredo</Filter>
    </ClCompile>
    <ClCompile Include="src\Nigredo\Log.cpp">
      <Filter>Nigredo</Filter>
    </ClCompile>
  </ItemGroup>
</Project>